
Microsoft Visual Studio Solution File, Format Version 12.00
# Visual Studio Version 16
VisualStudioVersion = 16.0.29728.190
MinimumVisualStudioVersion = 10.0.40219.1
Project("{FAE04EC0-301F-11D3-BF4B-00C04F79EFBC}") = "MyDotnet1", "MyDotnet1\MyDotnet1.csproj", "{00EFD01C-A2C3-4651-8A45-17ADA7844D0D}"
EndProject
Project("{FAE04EC0-301F-11D3-BF4B-00C04F79EFBC}") = "EnglishPlans", "EnglishPlans\EnglishPlans.csproj", "{788BACF9-97A3-41E9-9CF9-6F0220CAA204}"
EndProject
Project("{FAE04EC0-301F-11D3-BF4B-00C04F79EFBC}") = "WPFTest1", "WPFTest1\WPFTest1.csproj", "{9C1073AE-E7E7-4104-8BF8-57A1F33304AA}"
EndProject
Project("{FAE04EC0-301F-11D3-BF4B-00C04F79EFBC}") = "CommonLib", "CommonLib\CommonLib.csproj", "{200D5DCC-746D-490A-B3E1-A0D8D9C99CF9}"
EndProject
Project("{FAE04EC0-301F-11D3-BF4B-00C04F79EFBC}") = "WindowLib", "WindowLib\WindowLib.csproj", "{7135CF2B-673B-4B6E-AA00-2966CA2B01FF}"
EndProject
Project("{FAE04EC0-301F-11D3-BF4B-00C04F79EFBC}") = "WpfLib", "WpfLib\WpfLib.csproj", "{A91739F5-2A76-4CAB-9A04-633039259301}"
EndProject
Project("{2150E333-8FDC-42A3-9474-1A3956D46DE8}") = "Tests", "Tests", "{F02DD03D-6CE5-4C1E-9134-27C0E08B0D67}"
EndProject
Project("{FAE04EC0-301F-11D3-BF4B-00C04F79EFBC}") = "WebCodeGener", "WebCodeGener\WebCodeGener.csproj", "{B357A7A1-FFC8-4849-B6BF-E45203943425}"
EndProject
Project("{FAE04EC0-301F-11D3-BF4B-00C04F79EFBC}") = "DesktopTool", "DesktopTool\DesktopTool.csproj", "{601C8F0E-1F17-4769-9AE9-578B4F0CACBD}"
EndProject
Project("{2150E333-8FDC-42A3-9474-1A3956D46DE8}") = "libs", "libs", "{639BE6DC-94E0-45D1-8B4C-12411730B99C}"
EndProject
Project("{FAE04EC0-301F-11D3-BF4B-00C04F79EFBC}") = "WpfTest2", "WpfTest2\WpfTest2.csproj", "{4FAA5492-F2B0-489F-B8D6-DF2B5DA45DC3}"
EndProject
Project("{FAE04EC0-301F-11D3-BF4B-00C04F79EFBC}") = "DeskTopVideo", "DeskTopVideo\DeskTopVideo.csproj", "{315B0AB5-D4A6-4C92-BF4D-ADCC9E38D5CF}"
EndProject
Project("{FAE04EC0-301F-11D3-BF4B-00C04F79EFBC}") = "WpfCaptureImage", "WpfCaptureImage\WpfCaptureImage.csproj", "{FAAC6934-0830-45F7-8B0C-D50A84DC997E}"
EndProject
Project("{FAE04EC0-301F-11D3-BF4B-00C04F79EFBC}") = "WpfApp1", "WpfApp1\WpfApp1.csproj", "{48FE151B-C648-4EB6-84DB-4EED385E1F29}"
EndProject
Project("{FAE04EC0-301F-11D3-BF4B-00C04F79EFBC}") = "DemoNote1", "DemoNote1\DemoNote1.csproj", "{DB016E2B-6DDC-4573-801A-901D869A4701}"
EndProject
Global
	GlobalSection(SolutionConfigurationPlatforms) = preSolution
		Debug|Any CPU = Debug|Any CPU
		Release|Any CPU = Release|Any CPU
	EndGlobalSection
	GlobalSection(ProjectConfigurationPlatforms) = postSolution
		{00EFD01C-A2C3-4651-8A45-17ADA7844D0D}.Debug|Any CPU.ActiveCfg = Debug|Any CPU
		{00EFD01C-A2C3-4651-8A45-17ADA7844D0D}.Debug|Any CPU.Build.0 = Debug|Any CPU
		{00EFD01C-A2C3-4651-8A45-17ADA7844D0D}.Release|Any CPU.ActiveCfg = Release|Any CPU
		{00EFD01C-A2C3-4651-8A45-17ADA7844D0D}.Release|Any CPU.Build.0 = Release|Any CPU
		{788BACF9-97A3-41E9-9CF9-6F0220CAA204}.Debug|Any CPU.ActiveCfg = Debug|Any CPU
		{788BACF9-97A3-41E9-9CF9-6F0220CAA204}.Debug|Any CPU.Build.0 = Debug|Any CPU
		{788BACF9-97A3-41E9-9CF9-6F0220CAA204}.Release|Any CPU.ActiveCfg = Release|Any CPU
		{788BACF9-97A3-41E9-9CF9-6F0220CAA204}.Release|Any CPU.Build.0 = Release|Any CPU
		{9C1073AE-E7E7-4104-8BF8-57A1F33304AA}.Debug|Any CPU.ActiveCfg = Debug|Any CPU
		{9C1073AE-E7E7-4104-8BF8-57A1F33304AA}.Debug|Any CPU.Build.0 = Debug|Any CPU
		{9C1073AE-E7E7-4104-8BF8-57A1F33304AA}.Release|Any CPU.ActiveCfg = Release|Any CPU
		{9C1073AE-E7E7-4104-8BF8-57A1F33304AA}.Release|Any CPU.Build.0 = Release|Any CPU
		{200D5DCC-746D-490A-B3E1-A0D8D9C99CF9}.Debug|Any CPU.ActiveCfg = Debug|Any CPU
		{200D5DCC-746D-490A-B3E1-A0D8D9C99CF9}.Debug|Any CPU.Build.0 = Debug|Any CPU
		{200D5DCC-746D-490A-B3E1-A0D8D9C99CF9}.Release|Any CPU.ActiveCfg = Release|Any CPU
		{200D5DCC-746D-490A-B3E1-A0D8D9C99CF9}.Release|Any CPU.Build.0 = Release|Any CPU
		{7135CF2B-673B-4B6E-AA00-2966CA2B01FF}.Debug|Any CPU.ActiveCfg = Debug|Any CPU
		{7135CF2B-673B-4B6E-AA00-2966CA2B01FF}.Debug|Any CPU.Build.0 = Debug|Any CPU
		{7135CF2B-673B-4B6E-AA00-2966CA2B01FF}.Release|Any CPU.ActiveCfg = Release|Any CPU
		{7135CF2B-673B-4B6E-AA00-2966CA2B01FF}.Release|Any CPU.Build.0 = Release|Any CPU
		{A91739F5-2A76-4CAB-9A04-633039259301}.Debug|Any CPU.ActiveCfg = Debug|Any CPU
		{A91739F5-2A76-4CAB-9A04-633039259301}.Debug|Any CPU.Build.0 = Debug|Any CPU
		{A91739F5-2A76-4CAB-9A04-633039259301}.Release|Any CPU.ActiveCfg = Release|Any CPU
		{A91739F5-2A76-4CAB-9A04-633039259301}.Release|Any CPU.Build.0 = Release|Any CPU
		{B357A7A1-FFC8-4849-B6BF-E45203943425}.Debug|Any CPU.ActiveCfg = Debug|Any CPU
		{B357A7A1-FFC8-4849-B6BF-E45203943425}.Debug|Any CPU.Build.0 = Debug|Any CPU
		{B357A7A1-FFC8-4849-B6BF-E45203943425}.Release|Any CPU.ActiveCfg = Release|Any CPU
		{B357A7A1-FFC8-4849-B6BF-E45203943425}.Release|Any CPU.Build.0 = Release|Any CPU
		{601C8F0E-1F17-4769-9AE9-578B4F0CACBD}.Debug|Any CPU.ActiveCfg = Debug|Any CPU
		{601C8F0E-1F17-4769-9AE9-578B4F0CACBD}.Debug|Any CPU.Build.0 = Debug|Any CPU
		{601C8F0E-1F17-4769-9AE9-578B4F0CACBD}.Release|Any CPU.ActiveCfg = Release|Any CPU
		{601C8F0E-1F17-4769-9AE9-578B4F0CACBD}.Release|Any CPU.Build.0 = Release|Any CPU
		{4FAA5492-F2B0-489F-B8D6-DF2B5DA45DC3}.Debug|Any CPU.ActiveCfg = Debug|Any CPU
		{4FAA5492-F2B0-489F-B8D6-DF2B5DA45DC3}.Debug|Any CPU.Build.0 = Debug|Any CPU
		{4FAA5492-F2B0-489F-B8D6-DF2B5DA45DC3}.Release|Any CPU.ActiveCfg = Release|Any CPU
		{4FAA5492-F2B0-489F-B8D6-DF2B5DA45DC3}.Release|Any CPU.Build.0 = Release|Any CPU
		{315B0AB5-D4A6-4C92-BF4D-ADCC9E38D5CF}.Debug|Any CPU.ActiveCfg = Debug|Any CPU
		{315B0AB5-D4A6-4C92-BF4D-ADCC9E38D5CF}.Debug|Any CPU.Build.0 = Debug|Any CPU
		{315B0AB5-D4A6-4C92-BF4D-ADCC9E38D5CF}.Release|Any CPU.ActiveCfg = Release|Any CPU
		{315B0AB5-D4A6-4C92-BF4D-ADCC9E38D5CF}.Release|Any CPU.Build.0 = Release|Any CPU
		{FAAC6934-0830-45F7-8B0C-D50A84DC997E}.Debug|Any CPU.ActiveCfg = Debug|Any CPU
		{FAAC6934-0830-45F7-8B0C-D50A84DC997E}.Debug|Any CPU.Build.0 = Debug|Any CPU
		{FAAC6934-0830-45F7-8B0C-D50A84DC997E}.Release|Any CPU.ActiveCfg = Release|Any CPU
		{FAAC6934-0830-45F7-8B0C-D50A84DC997E}.Release|Any CPU.Build.0 = Release|Any CPU
		{48FE151B-C648-4EB6-84DB-4EED385E1F29}.Debug|Any CPU.ActiveCfg = Debug|Any CPU
		{48FE151B-C648-4EB6-84DB-4EED385E1F29}.Debug|Any CPU.Build.0 = Debug|Any CPU
		{48FE151B-C648-4EB6-84DB-4EED385E1F29}.Release|Any CPU.ActiveCfg = Release|Any CPU
		{48FE151B-C648-4EB6-84DB-4EED385E1F29}.Release|Any CPU.Build.0 = Release|Any CPU
		{DB016E2B-6DDC-4573-801A-901D869A4701}.Debug|Any CPU.ActiveCfg = Debug|Any CPU
		{DB016E2B-6DDC-4573-801A-901D869A4701}.Debug|Any CPU.Build.0 = Debug|Any CPU
		{DB016E2B-6DDC-4573-801A-901D869A4701}.Release|Any CPU.ActiveCfg = Release|Any CPU
		{DB016E2B-6DDC-4573-801A-901D869A4701}.Release|Any CPU.Build.0 = Release|Any CPU
	EndGlobalSection
	GlobalSection(SolutionProperties) = preSolution
		HideSolutionNode = FALSE
	EndGlobalSection
	GlobalSection(NestedProjects) = preSolution
		{9C1073AE-E7E7-4104-8BF8-57A1F33304AA} = {F02DD03D-6CE5-4C1E-9134-27C0E08B0D67}
		{200D5DCC-746D-490A-B3E1-A0D8D9C99CF9} = {639BE6DC-94E0-45D1-8B4C-12411730B99C}
		{7135CF2B-673B-4B6E-AA00-2966CA2B01FF} = {639BE6DC-94E0-45D1-8B4C-12411730B99C}
		{A91739F5-2A76-4CAB-9A04-633039259301} = {639BE6DC-94E0-45D1-8B4C-12411730B99C}
		{4FAA5492-F2B0-489F-B8D6-DF2B5DA45DC3} = {F02DD03D-6CE5-4C1E-9134-27C0E08B0D67}
		{FAAC6934-0830-45F7-8B0C-D50A84DC997E} = {F02DD03D-6CE5-4C1E-9134-27C0E08B0D67}
		{48FE151B-C648-4EB6-84DB-4EED385E1F29} = {F02DD03D-6CE5-4C1E-9134-27C0E08B0D67}
	EndGlobalSection
	GlobalSection(ExtensibilityGlobals) = postSolution
		SolutionGuid = {4E3FA38C-1DD5-47F3-B853-8FCE3109A37D}
	EndGlobalSection
EndGlobal
